
Microsoft Visual Studio Solution File, Format Version 12.00
# Visual Studio 15
VisualStudioVersion = 15.0.28010.2016
MinimumVisualStudioVersion = 10.0.40219.1
Project("{8BC9CEB8-8B4A-11D0-8D11-00A0C91BC942}") = "helloIF", "helloIF\helloIF.vcxproj", "{FF4D4017-5323-425B-BB1F-9D81C2F7A110}"
EndProject
Global
	GlobalSection(SolutionConfigurationPlatforms) = preSolution
		Debug|x64 = Debug|x64
		Debug|x86 = Debug|x86
		Release|x64 = Release|x64
		Release|x86 = Release|x86
	EndGlobalSection
	GlobalSection(ProjectConfigurationPlatforms) = postSolution
		{FF4D4017-5323-425B-BB1F-9D81C2F7A110}.Debug|x64.ActiveCfg = Debug|x64
		{FF4D4017-5323-425B-BB1F-9D81C2F7A110}.Debug|x64.Build.0 = Debug|x64
		{FF4D4017-5323-425B-BB1F-9D81C2F7A110}.Debug|x86.ActiveCfg = Debug|Win32
		{FF4D4017-5323-425B-BB1F-9D81C2F7A110}.Debug|x86.Build.0 = Debug|Win32
		{FF4D4017-5323-425B-BB1F-9D81C2F7A110}.Release|x64.ActiveCfg = Release|x64
		{FF4D4017-5323-425B-BB1F-9D81C2F7A110}.Release|x64.Build.0 = Release|x64
		{FF4D4017-5323-425B-BB1F-9D81C2F7A110}.Release|x86.ActiveCfg = Release|Win32
		{FF4D4017-5323-425B-BB1F-9D81C2F7A110}.Release|x86.Build.0 = Release|Win32
	EndGlobalSection
	GlobalSection(SolutionProperties) = preSolution
		HideSolutionNode = FALSE
	EndGlobalSection
	GlobalSection(ExtensibilityGlobals) = postSolution
		SolutionGuid = {9A59E149-2A28-4241-857E-734A902D99D1}
	EndGlobalSection
EndGlobal
