
Microsoft Visual Studio Solution File, Format Version 12.00
# Visual Studio 15
VisualStudioVersion = 15.0.28010.2016
MinimumVisualStudioVersion = 10.0.40219.1
Project("{8BC9CEB8-8B4A-11D0-8D11-00A0C91BC942}") = "HelloClass", "HelloClass\HelloClass.vcxproj", "{93EA6B70-7668-43A4-BA26-6AD6EE60A173}"
EndProject
Project("{8BC9CEB8-8B4A-11D0-8D11-00A0C91BC942}") = "test2", "test2\test2.vcxproj", "{DF19279A-972C-4DBF-9B30-FB1B01EDF479}"
EndProject
Project("{8BC9CEB8-8B4A-11D0-8D11-00A0C91BC942}") = "test3", "test3\test3.vcxproj", "{2CEBE109-BEE1-46E9-B9F3-263F72E1BBCC}"
EndProject
Project("{8BC9CEB8-8B4A-11D0-8D11-00A0C91BC942}") = "HelloTemp", "HelloTemp\HelloTemp.vcxproj", "{1CFECA21-7E02-4E11-AB22-D3BF57E3DF1E}"
EndProject
Project("{8BC9CEB8-8B4A-11D0-8D11-00A0C91BC942}") = "test4", "test4\test4.vcxproj", "{BDB382DF-70EE-41EE-A843-D48E1DD9B568}"
EndProject
Project("{8BC9CEB8-8B4A-11D0-8D11-00A0C91BC942}") = "test-5", "test-5\test-5.vcxproj", "{DA374D35-2321-4025-A326-1CBEB9F4CAEC}"
EndProject
Project("{8BC9CEB8-8B4A-11D0-8D11-00A0C91BC942}") = "MyStack", "MyStack\MyStack.vcxproj", "{2CDA18D4-9A2A-4B8A-A0DE-8F6A669C6A51}"
EndProject
Project("{8BC9CEB8-8B4A-11D0-8D11-00A0C91BC942}") = "MyStack1217", "MyStack1217\MyStack1217.vcxproj", "{ABF146B7-1F74-4538-95E5-1130E3454ED7}"
EndProject
Project("{8BC9CEB8-8B4A-11D0-8D11-00A0C91BC942}") = "test6", "test6\test6.vcxproj", "{4B2FE223-6F0B-430E-B7D1-012C97AD2A9B}"
EndProject
Project("{8BC9CEB8-8B4A-11D0-8D11-00A0C91BC942}") = "Fibonacci", "Fibonacci\Fibonacci.vcxproj", "{D66F2A6B-81BA-4CEF-8ACA-E8C9AC3B32E3}"
EndProject
Project("{8BC9CEB8-8B4A-11D0-8D11-00A0C91BC942}") = "typedf", "typedf\typedf.vcxproj", "{CF16CE6C-CD8C-439E-81D1-58161869EE6D}"
EndProject
Project("{8BC9CEB8-8B4A-11D0-8D11-00A0C91BC942}") = "shuzhijisuan", "shuzhijisuan\shuzhijisuan.vcxproj", "{DA6B08A3-1805-4730-850B-C0652C66C6F0}"
EndProject
Project("{8BC9CEB8-8B4A-11D0-8D11-00A0C91BC942}") = "test7", "test7\test7.vcxproj", "{48AB6B84-5926-430E-B1C5-A75455F8A145}"
EndProject
Project("{8BC9CEB8-8B4A-11D0-8D11-00A0C91BC942}") = "test8", "test8\test8.vcxproj", "{7C4FAAE7-3FFD-4F26-84A9-B1D84097C432}"
EndProject
Project("{8BC9CEB8-8B4A-11D0-8D11-00A0C91BC942}") = "test9", "test9\test9.vcxproj", "{5AD3B838-D396-438F-832A-117D14DBFC31}"
EndProject
Project("{8BC9CEB8-8B4A-11D0-8D11-00A0C91BC942}") = "dx", "dax\dax.vcxproj", "{58810B78-23D2-4182-8404-2031E058A6F8}"
EndProject
Project("{8BC9CEB8-8B4A-11D0-8D11-00A0C91BC942}") = "shunxubiao", "shunxubiao\shunxubiao.vcxproj", "{7F1C1A2A-9A6B-4B61-8DC1-E6CCA7077D86}"
EndProject
Project("{8BC9CEB8-8B4A-11D0-8D11-00A0C91BC942}") = "wytest1", "wytest1\wytest1.vcxproj", "{309F2A5F-3754-428C-9508-92004188E19D}"
EndProject
Project("{8BC9CEB8-8B4A-11D0-8D11-00A0C91BC942}") = "wytest2", "wytest2\wytest2.vcxproj", "{AADE41B7-0D6E-4153-92B2-D35E05027522}"
EndProject
Project("{8BC9CEB8-8B4A-11D0-8D11-00A0C91BC942}") = "wqtest3", "wqtest3\wqtest3.vcxproj", "{60DF1984-28D8-40B7-B6B5-37AECC224E20}"
EndProject
Project("{8BC9CEB8-8B4A-11D0-8D11-00A0C91BC942}") = "wqtest4", "wqtest4\wqtest4.vcxproj", "{60159721-6420-4A35-8F36-DF79BD0D06F1}"
EndProject
Project("{8BC9CEB8-8B4A-11D0-8D11-00A0C91BC942}") = "zuixiaoxiabiao", "zuixiaoxiabiao\zuixiaoxiabiao.vcxproj", "{325C6EC0-E383-48B2-9919-526C265991B7}"
EndProject
Project("{8BC9CEB8-8B4A-11D0-8D11-00A0C91BC942}") = "dierda", "dierda\dierda.vcxproj", "{9002AE0E-F0DD-4FED-828C-89E460711856}"
EndProject
Project("{8BC9CEB8-8B4A-11D0-8D11-00A0C91BC942}") = "zuixiaozhi", "zuixiaozhi\zuixiaozhi.vcxproj", "{3253665E-1C47-4478-BEF0-929B8D32359F}"
EndProject
Project("{8BC9CEB8-8B4A-11D0-8D11-00A0C91BC942}") = "hebing", "hebing\hebing.vcxproj", "{04A10081-C6A2-4E6B-8E8A-7941A2C5FC79}"
EndProject
Project("{8BC9CEB8-8B4A-11D0-8D11-00A0C91BC942}") = "youxuhebing", "youxuhebing\youxuhebing.vcxproj", "{6EA50AFC-9F41-4DC5-85F4-6F2E61B739A0}"
EndProject
Project("{8BC9CEB8-8B4A-11D0-8D11-00A0C91BC942}") = "yiyuan20190317", "yiyuan20190317\yiyuan20190317.vcxproj", "{E50D00B3-CBB1-47FE-83F3-817F56FA34DB}"
EndProject
Project("{8BC9CEB8-8B4A-11D0-8D11-00A0C91BC942}") = "moshipipei", "moshipipei\moshipipei.vcxproj", "{155F3ED2-A443-456D-BD44-003DBEC08C6D}"
EndProject
Project("{8BC9CEB8-8B4A-11D0-8D11-00A0C91BC942}") = "ercha", "ercha\ercha.vcxproj", "{9A7DA7D5-A1EC-4C3E-BC49-9F9790FCDA5A}"
EndProject
Project("{8BC9CEB8-8B4A-11D0-8D11-00A0C91BC942}") = "kuohao", "kuohao\kuohao.vcxproj", "{695FC2B5-935A-4E14-AF2E-4F391ECCB766}"
EndProject
Project("{8BC9CEB8-8B4A-11D0-8D11-00A0C91BC942}") = "Book1", "Book1\Book1.vcxproj", "{3150552B-FD59-4A02-8720-3061420FA050}"
EndProject
Project("{8BC9CEB8-8B4A-11D0-8D11-00A0C91BC942}") = "0C1", "0C1\0C1.vcxproj", "{85D623C2-2165-44DA-B2D6-40B81CA65C8C}"
EndProject
Project("{8BC9CEB8-8B4A-11D0-8D11-00A0C91BC942}") = "0C2", "0C2\0C2.vcxproj", "{D8D74C59-42B1-468C-BF75-DF66A90C264E}"
EndProject
Project("{8BC9CEB8-8B4A-11D0-8D11-00A0C91BC942}") = "0C3", "0C3\0C3.vcxproj", "{974BF799-3EF9-4251-943B-07FE155DACE1}"
EndProject
Project("{8BC9CEB8-8B4A-11D0-8D11-00A0C91BC942}") = "0C4", "0C4\0C4.vcxproj", "{AA9BA94E-C7D0-4939-88DB-158F678BD819}"
EndProject
Project("{8BC9CEB8-8B4A-11D0-8D11-00A0C91BC942}") = "0C5", "0C5\0C5.vcxproj", "{06F71094-E255-4AF2-851C-AF5F83F474D2}"
EndProject
Project("{8BC9CEB8-8B4A-11D0-8D11-00A0C91BC942}") = "0C6", "0C6\0C6.vcxproj", "{B5CEE5EC-E0FE-4E57-841C-EFBFC11D2C88}"
EndProject
Project("{8BC9CEB8-8B4A-11D0-8D11-00A0C91BC942}") = "0C7", "0C7\0C7.vcxproj", "{ACF9DD13-9541-46CB-B195-9A7B6DE25206}"
EndProject
Project("{8BC9CEB8-8B4A-11D0-8D11-00A0C91BC942}") = "0C8", "0C8\0C8.vcxproj", "{489811CF-7CDA-415E-B360-74EA67F17777}"
EndProject
Project("{8BC9CEB8-8B4A-11D0-8D11-00A0C91BC942}") = "0C9", "0C9\0C9.vcxproj", "{86E76E93-6D1F-42C2-9C83-7091FCEF56B3}"
EndProject
Project("{8BC9CEB8-8B4A-11D0-8D11-00A0C91BC942}") = "lyl1", "lyl1\lyl1.vcxproj", "{1C012171-7827-4DC6-9950-AC3E0CF6A0B9}"
EndProject
Project("{8BC9CEB8-8B4A-11D0-8D11-00A0C91BC942}") = "lyl2", "lyl2\lyl2.vcxproj", "{317FFB12-185A-4AE6-A0E0-41A42A77BECA}"
EndProject
Project("{8BC9CEB8-8B4A-11D0-8D11-00A0C91BC942}") = "0C10", "0C10\0C10.vcxproj", "{6BB8A5B1-6ED9-47E3-8996-A3E46D1C562D}"
EndProject
Project("{8BC9CEB8-8B4A-11D0-8D11-00A0C91BC942}") = "1C1", "1C1\1C1.vcxproj", "{62478FAC-0F54-4E31-ACD5-EDC15AEA8877}"
EndProject
Project("{8BC9CEB8-8B4A-11D0-8D11-00A0C91BC942}") = "MyPrincess", "MyPrincess\MyPrincess.vcxproj", "{E0F949CF-81B7-46F1-B2F4-D31BC9DAD717}"
EndProject
Project("{8BC9CEB8-8B4A-11D0-8D11-00A0C91BC942}") = "C", "C\C.vcxproj", "{8FAA4B54-5517-43D0-B431-56A9217E5508}"
EndProject
Project("{8BC9CEB8-8B4A-11D0-8D11-00A0C91BC942}") = "C1", "C1\C1.vcxproj", "{E3E0F60E-8BBF-4104-86FC-B752F4EC87EA}"
EndProject
Project("{8BC9CEB8-8B4A-11D0-8D11-00A0C91BC942}") = "C2", "C2\C2.vcxproj", "{839F7DFE-3500-40D0-ACD4-45439A5F03DD}"
EndProject
Project("{8BC9CEB8-8B4A-11D0-8D11-00A0C91BC942}") = "C3", "C3\C3.vcxproj", "{60575C49-E728-45BB-89CE-5FF40AC7BD4C}"
EndProject
Project("{8BC9CEB8-8B4A-11D0-8D11-00A0C91BC942}") = "C4", "C4\C4.vcxproj", "{3FFB1B14-C210-46A3-8AC7-587663424654}"
EndProject
Project("{8BC9CEB8-8B4A-11D0-8D11-00A0C91BC942}") = "Dataencrypt", "Dataencrypt\Dataencrypt.vcxproj", "{6A391792-C7E0-4633-A8E2-9D7E0808A469}"
EndProject
Project("{8BC9CEB8-8B4A-11D0-8D11-00A0C91BC942}") = "C20190517", "C20190517\C20190517.vcxproj", "{5ED083EB-A31C-4625-92DE-69B0A189B6BA}"
EndProject
Project("{8BC9CEB8-8B4A-11D0-8D11-00A0C91BC942}") = "C20190519", "C20190519\C20190519.vcxproj", "{A8752C9E-389F-4BFE-9691-A9A0B5FC99F6}"
EndProject
Project("{8BC9CEB8-8B4A-11D0-8D11-00A0C91BC942}") = "1Tree", "1Tree\1Tree.vcxproj", "{E08090A7-2832-4550-A036-68AF4F4F3EF2}"
EndProject
Project("{8BC9CEB8-8B4A-11D0-8D11-00A0C91BC942}") = "20190521GameTrade", "20190521GameTrade\20190521GameTrade.vcxproj", "{6CC5BE31-8D91-4D49-8626-EFE0B6CDBDC8}"
EndProject
Project("{8BC9CEB8-8B4A-11D0-8D11-00A0C91BC942}") = "20190523练一练", "20190523练一练\20190523练一练.vcxproj", "{7CB27C16-E87F-4A56-A331-975F0C8F3896}"
EndProject
Project("{8BC9CEB8-8B4A-11D0-8D11-00A0C91BC942}") = "20190525初试递归", "20190525初试递归\20190525初试递归.vcxproj", "{7A59FC53-F5AC-4940-924E-44F81F0CA11D}"
EndProject
Project("{8BC9CEB8-8B4A-11D0-8D11-00A0C91BC942}") = "20190529二叉树先序遍历", "20190529二叉树先序遍历\20190529二叉树先序遍历.vcxproj", "{26325C4F-89DE-4C61-B551-E6EF608E9B24}"
EndProject
Project("{8BC9CEB8-8B4A-11D0-8D11-00A0C91BC942}") = "20190530二叉树先序递归练手", "20190530二叉树先序递归练手\20190530二叉树先序递归练手.vcxproj", "{E5A9DF89-F4CD-4163-8A8E-6F8DC5871469}"
EndProject
Project("{8BC9CEB8-8B4A-11D0-8D11-00A0C91BC942}") = "20190705哈夫曼编码", "20190705哈夫曼编码\20190705哈夫曼编码.vcxproj", "{68AAEF6B-622C-4894-8AC5-905C0D4A4C3F}"
EndProject
Project("{8BC9CEB8-8B4A-11D0-8D11-00A0C91BC942}") = "20190706斐波那契的递归函数", "20190706斐波那契的递归函数\20190706斐波那契的递归函数.vcxproj", "{BE912E18-4406-4F9B-876F-31912BD2BFEA}"
EndProject
Project("{8BC9CEB8-8B4A-11D0-8D11-00A0C91BC942}") = "20190708Sort", "20190708Sort\20190708Sort.vcxproj", "{55CB9674-83A7-4441-AA6D-F5D89539EBCE}"
EndProject
Project("{8BC9CEB8-8B4A-11D0-8D11-00A0C91BC942}") = "20191117", "20191117\20191117.vcxproj", "{4CB258AB-4B18-4938-B846-FDB1724BD430}"
EndProject
Project("{8BC9CEB8-8B4A-11D0-8D11-00A0C91BC942}") = "20200119", "20200119\20200119.vcxproj", "{461ED8A9-CA4B-46BE-B592-636C3877220A}"
EndProject
Global
	GlobalSection(SolutionConfigurationPlatforms) = preSolution
		Debug|x64 = Debug|x64
		Debug|x86 = Debug|x86
		Release|x64 = Release|x64
		Release|x86 = Release|x86
	EndGlobalSection
	GlobalSection(ProjectConfigurationPlatforms) = postSolution
		{93EA6B70-7668-43A4-BA26-6AD6EE60A173}.Debug|x64.ActiveCfg = Debug|x64
		{93EA6B70-7668-43A4-BA26-6AD6EE60A173}.Debug|x64.Build.0 = Debug|x64
		{93EA6B70-7668-43A4-BA26-6AD6EE60A173}.Debug|x86.ActiveCfg = Debug|Win32
		{93EA6B70-7668-43A4-BA26-6AD6EE60A173}.Debug|x86.Build.0 = Debug|Win32
		{93EA6B70-7668-43A4-BA26-6AD6EE60A173}.Release|x64.ActiveCfg = Release|x64
		{93EA6B70-7668-43A4-BA26-6AD6EE60A173}.Release|x64.Build.0 = Release|x64
		{93EA6B70-7668-43A4-BA26-6AD6EE60A173}.Release|x86.ActiveCfg = Release|Win32
		{93EA6B70-7668-43A4-BA26-6AD6EE60A173}.Release|x86.Build.0 = Release|Win32
		{DF19279A-972C-4DBF-9B30-FB1B01EDF479}.Debug|x64.ActiveCfg = Debug|x64
		{DF19279A-972C-4DBF-9B30-FB1B01EDF479}.Debug|x64.Build.0 = Debug|x64
		{DF19279A-972C-4DBF-9B30-FB1B01EDF479}.Debug|x86.ActiveCfg = Debug|Win32
		{DF19279A-972C-4DBF-9B30-FB1B01EDF479}.Debug|x86.Build.0 = Debug|Win32
		{DF19279A-972C-4DBF-9B30-FB1B01EDF479}.Release|x64.ActiveCfg = Release|x64
		{DF19279A-972C-4DBF-9B30-FB1B01EDF479}.Release|x64.Build.0 = Release|x64
		{DF19279A-972C-4DBF-9B30-FB1B01EDF479}.Release|x86.ActiveCfg = Release|Win32
		{DF19279A-972C-4DBF-9B30-FB1B01EDF479}.Release|x86.Build.0 = Release|Win32
		{2CEBE109-BEE1-46E9-B9F3-263F72E1BBCC}.Debug|x64.ActiveCfg = Debug|x64
		{2CEBE109-BEE1-46E9-B9F3-263F72E1BBCC}.Debug|x64.Build.0 = Debug|x64
		{2CEBE109-BEE1-46E9-B9F3-263F72E1BBCC}.Debug|x86.ActiveCfg = Debug|Win32
		{2CEBE109-BEE1-46E9-B9F3-263F72E1BBCC}.Debug|x86.Build.0 = Debug|Win32
		{2CEBE109-BEE1-46E9-B9F3-263F72E1BBCC}.Release|x64.ActiveCfg = Release|x64
		{2CEBE109-BEE1-46E9-B9F3-263F72E1BBCC}.Release|x64.Build.0 = Release|x64
		{2CEBE109-BEE1-46E9-B9F3-263F72E1BBCC}.Release|x86.ActiveCfg = Release|Win32
		{2CEBE109-BEE1-46E9-B9F3-263F72E1BBCC}.Release|x86.Build.0 = Release|Win32
		{1CFECA21-7E02-4E11-AB22-D3BF57E3DF1E}.Debug|x64.ActiveCfg = Debug|x64
		{1CFECA21-7E02-4E11-AB22-D3BF57E3DF1E}.Debug|x64.Build.0 = Debug|x64
		{1CFECA21-7E02-4E11-AB22-D3BF57E3DF1E}.Debug|x86.ActiveCfg = Debug|Win32
		{1CFECA21-7E02-4E11-AB22-D3BF57E3DF1E}.Debug|x86.Build.0 = Debug|Win32
		{1CFECA21-7E02-4E11-AB22-D3BF57E3DF1E}.Release|x64.ActiveCfg = Release|x64
		{1CFECA21-7E02-4E11-AB22-D3BF57E3DF1E}.Release|x64.Build.0 = Release|x64
		{1CFECA21-7E02-4E11-AB22-D3BF57E3DF1E}.Release|x86.ActiveCfg = Release|Win32
		{1CFECA21-7E02-4E11-AB22-D3BF57E3DF1E}.Release|x86.Build.0 = Release|Win32
		{BDB382DF-70EE-41EE-A843-D48E1DD9B568}.Debug|x64.ActiveCfg = Debug|x64
		{BDB382DF-70EE-41EE-A843-D48E1DD9B568}.Debug|x64.Build.0 = Debug|x64
		{BDB382DF-70EE-41EE-A843-D48E1DD9B568}.Debug|x86.ActiveCfg = Debug|Win32
		{BDB382DF-70EE-41EE-A843-D48E1DD9B568}.Debug|x86.Build.0 = Debug|Win32
		{BDB382DF-70EE-41EE-A843-D48E1DD9B568}.Release|x64.ActiveCfg = Release|x64
		{BDB382DF-70EE-41EE-A843-D48E1DD9B568}.Release|x64.Build.0 = Release|x64
		{BDB382DF-70EE-41EE-A843-D48E1DD9B568}.Release|x86.ActiveCfg = Release|Win32
		{BDB382DF-70EE-41EE-A843-D48E1DD9B568}.Release|x86.Build.0 = Release|Win32
		{DA374D35-2321-4025-A326-1CBEB9F4CAEC}.Debug|x64.ActiveCfg = Debug|x64
		{DA374D35-2321-4025-A326-1CBEB9F4CAEC}.Debug|x64.Build.0 = Debug|x64
		{DA374D35-2321-4025-A326-1CBEB9F4CAEC}.Debug|x86.ActiveCfg = Debug|Win32
		{DA374D35-2321-4025-A326-1CBEB9F4CAEC}.Debug|x86.Build.0 = Debug|Win32
		{DA374D35-2321-4025-A326-1CBEB9F4CAEC}.Release|x64.ActiveCfg = Release|x64
		{DA374D35-2321-4025-A326-1CBEB9F4CAEC}.Release|x64.Build.0 = Release|x64
		{DA374D35-2321-4025-A326-1CBEB9F4CAEC}.Release|x86.ActiveCfg = Release|Win32
		{DA374D35-2321-4025-A326-1CBEB9F4CAEC}.Release|x86.Build.0 = Release|Win32
		{2CDA18D4-9A2A-4B8A-A0DE-8F6A669C6A51}.Debug|x64.ActiveCfg = Debug|x64
		{2CDA18D4-9A2A-4B8A-A0DE-8F6A669C6A51}.Debug|x64.Build.0 = Debug|x64
		{2CDA18D4-9A2A-4B8A-A0DE-8F6A669C6A51}.Debug|x86.ActiveCfg = Debug|Win32
		{2CDA18D4-9A2A-4B8A-A0DE-8F6A669C6A51}.Debug|x86.Build.0 = Debug|Win32
		{2CDA18D4-9A2A-4B8A-A0DE-8F6A669C6A51}.Release|x64.ActiveCfg = Release|x64
		{2CDA18D4-9A2A-4B8A-A0DE-8F6A669C6A51}.Release|x64.Build.0 = Release|x64
		{2CDA18D4-9A2A-4B8A-A0DE-8F6A669C6A51}.Release|x86.ActiveCfg = Release|Win32
		{2CDA18D4-9A2A-4B8A-A0DE-8F6A669C6A51}.Release|x86.Build.0 = Release|Win32
		{ABF146B7-1F74-4538-95E5-1130E3454ED7}.Debug|x64.ActiveCfg = Debug|x64
		{ABF146B7-1F74-4538-95E5-1130E3454ED7}.Debug|x64.Build.0 = Debug|x64
		{ABF146B7-1F74-4538-95E5-1130E3454ED7}.Debug|x86.ActiveCfg = Debug|Win32
		{ABF146B7-1F74-4538-95E5-1130E3454ED7}.Debug|x86.Build.0 = Debug|Win32
		{ABF146B7-1F74-4538-95E5-1130E3454ED7}.Release|x64.ActiveCfg = Release|x64
		{ABF146B7-1F74-4538-95E5-1130E3454ED7}.Release|x64.Build.0 = Release|x64
		{ABF146B7-1F74-4538-95E5-1130E3454ED7}.Release|x86.ActiveCfg = Release|Win32
		{ABF146B7-1F74-4538-95E5-1130E3454ED7}.Release|x86.Build.0 = Release|Win32
		{4B2FE223-6F0B-430E-B7D1-012C97AD2A9B}.Debug|x64.ActiveCfg = Debug|x64
		{4B2FE223-6F0B-430E-B7D1-012C97AD2A9B}.Debug|x64.Build.0 = Debug|x64
		{4B2FE223-6F0B-430E-B7D1-012C97AD2A9B}.Debug|x86.ActiveCfg = Debug|Win32
		{4B2FE223-6F0B-430E-B7D1-012C97AD2A9B}.Debug|x86.Build.0 = Debug|Win32
		{4B2FE223-6F0B-430E-B7D1-012C97AD2A9B}.Release|x64.ActiveCfg = Release|x64
		{4B2FE223-6F0B-430E-B7D1-012C97AD2A9B}.Release|x64.Build.0 = Release|x64
		{4B2FE223-6F0B-430E-B7D1-012C97AD2A9B}.Release|x86.ActiveCfg = Release|Win32
		{4B2FE223-6F0B-430E-B7D1-012C97AD2A9B}.Release|x86.Build.0 = Release|Win32
		{D66F2A6B-81BA-4CEF-8ACA-E8C9AC3B32E3}.Debug|x64.ActiveCfg = Debug|x64
		{D66F2A6B-81BA-4CEF-8ACA-E8C9AC3B32E3}.Debug|x64.Build.0 = Debug|x64
		{D66F2A6B-81BA-4CEF-8ACA-E8C9AC3B32E3}.Debug|x86.ActiveCfg = Debug|Win32
		{D66F2A6B-81BA-4CEF-8ACA-E8C9AC3B32E3}.Debug|x86.Build.0 = Debug|Win32
		{D66F2A6B-81BA-4CEF-8ACA-E8C9AC3B32E3}.Release|x64.ActiveCfg = Release|x64
		{D66F2A6B-81BA-4CEF-8ACA-E8C9AC3B32E3}.Release|x64.Build.0 = Release|x64
		{D66F2A6B-81BA-4CEF-8ACA-E8C9AC3B32E3}.Release|x86.ActiveCfg = Release|Win32
		{D66F2A6B-81BA-4CEF-8ACA-E8C9AC3B32E3}.Release|x86.Build.0 = Release|Win32
		{CF16CE6C-CD8C-439E-81D1-58161869EE6D}.Debug|x64.ActiveCfg = Debug|x64
		{CF16CE6C-CD8C-439E-81D1-58161869EE6D}.Debug|x64.Build.0 = Debug|x64
		{CF16CE6C-CD8C-439E-81D1-58161869EE6D}.Debug|x86.ActiveCfg = Debug|Win32
		{CF16CE6C-CD8C-439E-81D1-58161869EE6D}.Debug|x86.Build.0 = Debug|Win32
		{CF16CE6C-CD8C-439E-81D1-58161869EE6D}.Release|x64.ActiveCfg = Release|x64
		{CF16CE6C-CD8C-439E-81D1-58161869EE6D}.Release|x64.Build.0 = Release|x64
		{CF16CE6C-CD8C-439E-81D1-58161869EE6D}.Release|x86.ActiveCfg = Release|Win32
		{CF16CE6C-CD8C-439E-81D1-58161869EE6D}.Release|x86.Build.0 = Release|Win32
		{DA6B08A3-1805-4730-850B-C0652C66C6F0}.Debug|x64.ActiveCfg = Debug|x64
		{DA6B08A3-1805-4730-850B-C0652C66C6F0}.Debug|x64.Build.0 = Debug|x64
		{DA6B08A3-1805-4730-850B-C0652C66C6F0}.Debug|x86.ActiveCfg = Debug|Win32
		{DA6B08A3-1805-4730-850B-C0652C66C6F0}.Debug|x86.Build.0 = Debug|Win32
		{DA6B08A3-1805-4730-850B-C0652C66C6F0}.Release|x64.ActiveCfg = Release|x64
		{DA6B08A3-1805-4730-850B-C0652C66C6F0}.Release|x64.Build.0 = Release|x64
		{DA6B08A3-1805-4730-850B-C0652C66C6F0}.Release|x86.ActiveCfg = Release|Win32
		{DA6B08A3-1805-4730-850B-C0652C66C6F0}.Release|x86.Build.0 = Release|Win32
		{48AB6B84-5926-430E-B1C5-A75455F8A145}.Debug|x64.ActiveCfg = Debug|x64
		{48AB6B84-5926-430E-B1C5-A75455F8A145}.Debug|x64.Build.0 = Debug|x64
		{48AB6B84-5926-430E-B1C5-A75455F8A145}.Debug|x86.ActiveCfg = Debug|Win32
		{48AB6B84-5926-430E-B1C5-A75455F8A145}.Debug|x86.Build.0 = Debug|Win32
		{48AB6B84-5926-430E-B1C5-A75455F8A145}.Release|x64.ActiveCfg = Release|x64
		{48AB6B84-5926-430E-B1C5-A75455F8A145}.Release|x64.Build.0 = Release|x64
		{48AB6B84-5926-430E-B1C5-A75455F8A145}.Release|x86.ActiveCfg = Release|Win32
		{48AB6B84-5926-430E-B1C5-A75455F8A145}.Release|x86.Build.0 = Release|Win32
		{7C4FAAE7-3FFD-4F26-84A9-B1D84097C432}.Debug|x64.ActiveCfg = Debug|x64
		{7C4FAAE7-3FFD-4F26-84A9-B1D84097C432}.Debug|x64.Build.0 = Debug|x64
		{7C4FAAE7-3FFD-4F26-84A9-B1D84097C432}.Debug|x86.ActiveCfg = Debug|Win32
		{7C4FAAE7-3FFD-4F26-84A9-B1D84097C432}.Debug|x86.Build.0 = Debug|Win32
		{7C4FAAE7-3FFD-4F26-84A9-B1D84097C432}.Release|x64.ActiveCfg = Release|x64
		{7C4FAAE7-3FFD-4F26-84A9-B1D84097C432}.Release|x64.Build.0 = Release|x64
		{7C4FAAE7-3FFD-4F26-84A9-B1D84097C432}.Release|x86.ActiveCfg = Release|Win32
		{7C4FAAE7-3FFD-4F26-84A9-B1D84097C432}.Release|x86.Build.0 = Release|Win32
		{5AD3B838-D396-438F-832A-117D14DBFC31}.Debug|x64.ActiveCfg = Debug|x64
		{5AD3B838-D396-438F-832A-117D14DBFC31}.Debug|x64.Build.0 = Debug|x64
		{5AD3B838-D396-438F-832A-117D14DBFC31}.Debug|x86.ActiveCfg = Debug|Win32
		{5AD3B838-D396-438F-832A-117D14DBFC31}.Debug|x86.Build.0 = Debug|Win32
		{5AD3B838-D396-438F-832A-117D14DBFC31}.Release|x64.ActiveCfg = Release|x64
		{5AD3B838-D396-438F-832A-117D14DBFC31}.Release|x64.Build.0 = Release|x64
		{5AD3B838-D396-438F-832A-117D14DBFC31}.Release|x86.ActiveCfg = Release|Win32
		{5AD3B838-D396-438F-832A-117D14DBFC31}.Release|x86.Build.0 = Release|Win32
		{58810B78-23D2-4182-8404-2031E058A6F8}.Debug|x64.ActiveCfg = Debug|x64
		{58810B78-23D2-4182-8404-2031E058A6F8}.Debug|x64.Build.0 = Debug|x64
		{58810B78-23D2-4182-8404-2031E058A6F8}.Debug|x86.ActiveCfg = Debug|Win32
		{58810B78-23D2-4182-8404-2031E058A6F8}.Debug|x86.Build.0 = Debug|Win32
		{58810B78-23D2-4182-8404-2031E058A6F8}.Release|x64.ActiveCfg = Release|x64
		{58810B78-23D2-4182-8404-2031E058A6F8}.Release|x64.Build.0 = Release|x64
		{58810B78-23D2-4182-8404-2031E058A6F8}.Release|x86.ActiveCfg = Release|Win32
		{58810B78-23D2-4182-8404-2031E058A6F8}.Release|x86.Build.0 = Release|Win32
		{7F1C1A2A-9A6B-4B61-8DC1-E6CCA7077D86}.Debug|x64.ActiveCfg = Debug|x64
		{7F1C1A2A-9A6B-4B61-8DC1-E6CCA7077D86}.Debug|x64.Build.0 = Debug|x64
		{7F1C1A2A-9A6B-4B61-8DC1-E6CCA7077D86}.Debug|x86.ActiveCfg = Debug|Win32
		{7F1C1A2A-9A6B-4B61-8DC1-E6CCA7077D86}.Debug|x86.Build.0 = Debug|Win32
		{7F1C1A2A-9A6B-4B61-8DC1-E6CCA7077D86}.Release|x64.ActiveCfg = Release|x64
		{7F1C1A2A-9A6B-4B61-8DC1-E6CCA7077D86}.Release|x64.Build.0 = Release|x64
		{7F1C1A2A-9A6B-4B61-8DC1-E6CCA7077D86}.Release|x86.ActiveCfg = Release|Win32
		{7F1C1A2A-9A6B-4B61-8DC1-E6CCA7077D86}.Release|x86.Build.0 = Release|Win32
		{309F2A5F-3754-428C-9508-92004188E19D}.Debug|x64.ActiveCfg = Debug|x64
		{309F2A5F-3754-428C-9508-92004188E19D}.Debug|x64.Build.0 = Debug|x64
		{309F2A5F-3754-428C-9508-92004188E19D}.Debug|x86.ActiveCfg = Debug|Win32
		{309F2A5F-3754-428C-9508-92004188E19D}.Debug|x86.Build.0 = Debug|Win32
		{309F2A5F-3754-428C-9508-92004188E19D}.Release|x64.ActiveCfg = Release|x64
		{309F2A5F-3754-428C-9508-92004188E19D}.Release|x64.Build.0 = Release|x64
		{309F2A5F-3754-428C-9508-92004188E19D}.Release|x86.ActiveCfg = Release|Win32
		{309F2A5F-3754-428C-9508-92004188E19D}.Release|x86.Build.0 = Release|Win32
		{AADE41B7-0D6E-4153-92B2-D35E05027522}.Debug|x64.ActiveCfg = Debug|x64
		{AADE41B7-0D6E-4153-92B2-D35E05027522}.Debug|x64.Build.0 = Debug|x64
		{AADE41B7-0D6E-4153-92B2-D35E05027522}.Debug|x86.ActiveCfg = Debug|Win32
		{AADE41B7-0D6E-4153-92B2-D35E05027522}.Debug|x86.Build.0 = Debug|Win32
		{AADE41B7-0D6E-4153-92B2-D35E05027522}.Release|x64.ActiveCfg = Release|x64
		{AADE41B7-0D6E-4153-92B2-D35E05027522}.Release|x64.Build.0 = Release|x64
		{AADE41B7-0D6E-4153-92B2-D35E05027522}.Release|x86.ActiveCfg = Release|Win32
		{AADE41B7-0D6E-4153-92B2-D35E05027522}.Release|x86.Build.0 = Release|Win32
		{60DF1984-28D8-40B7-B6B5-37AECC224E20}.Debug|x64.ActiveCfg = Debug|x64
		{60DF1984-28D8-40B7-B6B5-37AECC224E20}.Debug|x64.Build.0 = Debug|x64
		{60DF1984-28D8-40B7-B6B5-37AECC224E20}.Debug|x86.ActiveCfg = Debug|Win32
		{60DF1984-28D8-40B7-B6B5-37AECC224E20}.Debug|x86.Build.0 = Debug|Win32
		{60DF1984-28D8-40B7-B6B5-37AECC224E20}.Release|x64.ActiveCfg = Release|x64
		{60DF1984-28D8-40B7-B6B5-37AECC224E20}.Release|x64.Build.0 = Release|x64
		{60DF1984-28D8-40B7-B6B5-37AECC224E20}.Release|x86.ActiveCfg = Release|Win32
		{60DF1984-28D8-40B7-B6B5-37AECC224E20}.Release|x86.Build.0 = Release|Win32
		{60159721-6420-4A35-8F36-DF79BD0D06F1}.Debug|x64.ActiveCfg = Debug|x64
		{60159721-6420-4A35-8F36-DF79BD0D06F1}.Debug|x64.Build.0 = Debug|x64
		{60159721-6420-4A35-8F36-DF79BD0D06F1}.Debug|x86.ActiveCfg = Debug|Win32
		{60159721-6420-4A35-8F36-DF79BD0D06F1}.Debug|x86.Build.0 = Debug|Win32
		{60159721-6420-4A35-8F36-DF79BD0D06F1}.Release|x64.ActiveCfg = Release|x64
		{60159721-6420-4A35-8F36-DF79BD0D06F1}.Release|x64.Build.0 = Release|x64
		{60159721-6420-4A35-8F36-DF79BD0D06F1}.Release|x86.ActiveCfg = Release|Win32
		{60159721-6420-4A35-8F36-DF79BD0D06F1}.Release|x86.Build.0 = Release|Win32
		{325C6EC0-E383-48B2-9919-526C265991B7}.Debug|x64.ActiveCfg = Debug|x64
		{325C6EC0-E383-48B2-9919-526C265991B7}.Debug|x64.Build.0 = Debug|x64
		{325C6EC0-E383-48B2-9919-526C265991B7}.Debug|x86.ActiveCfg = Debug|Win32
		{325C6EC0-E383-48B2-9919-526C265991B7}.Debug|x86.Build.0 = Debug|Win32
		{325C6EC0-E383-48B2-9919-526C265991B7}.Release|x64.ActiveCfg = Release|x64
		{325C6EC0-E383-48B2-9919-526C265991B7}.Release|x64.Build.0 = Release|x64
		{325C6EC0-E383-48B2-9919-526C265991B7}.Release|x86.ActiveCfg = Release|Win32
		{325C6EC0-E383-48B2-9919-526C265991B7}.Release|x86.Build.0 = Release|Win32
		{9002AE0E-F0DD-4FED-828C-89E460711856}.Debug|x64.ActiveCfg = Debug|x64
		{9002AE0E-F0DD-4FED-828C-89E460711856}.Debug|x64.Build.0 = Debug|x64
		{9002AE0E-F0DD-4FED-828C-89E460711856}.Debug|x86.ActiveCfg = Debug|Win32
		{9002AE0E-F0DD-4FED-828C-89E460711856}.Debug|x86.Build.0 = Debug|Win32
		{9002AE0E-F0DD-4FED-828C-89E460711856}.Release|x64.ActiveCfg = Release|x64
		{9002AE0E-F0DD-4FED-828C-89E460711856}.Release|x64.Build.0 = Release|x64
		{9002AE0E-F0DD-4FED-828C-89E460711856}.Release|x86.ActiveCfg = Release|Win32
		{9002AE0E-F0DD-4FED-828C-89E460711856}.Release|x86.Build.0 = Release|Win32
		{3253665E-1C47-4478-BEF0-929B8D32359F}.Debug|x64.ActiveCfg = Debug|x64
		{3253665E-1C47-4478-BEF0-929B8D32359F}.Debug|x64.Build.0 = Debug|x64
		{3253665E-1C47-4478-BEF0-929B8D32359F}.Debug|x86.ActiveCfg = Debug|Win32
		{3253665E-1C47-4478-BEF0-929B8D32359F}.Debug|x86.Build.0 = Debug|Win32
		{3253665E-1C47-4478-BEF0-929B8D32359F}.Release|x64.ActiveCfg = Release|x64
		{3253665E-1C47-4478-BEF0-929B8D32359F}.Release|x64.Build.0 = Release|x64
		{3253665E-1C47-4478-BEF0-929B8D32359F}.Release|x86.ActiveCfg = Release|Win32
		{3253665E-1C47-4478-BEF0-929B8D32359F}.Release|x86.Build.0 = Release|Win32
		{04A10081-C6A2-4E6B-8E8A-7941A2C5FC79}.Debug|x64.ActiveCfg = Debug|x64
		{04A10081-C6A2-4E6B-8E8A-7941A2C5FC79}.Debug|x64.Build.0 = Debug|x64
		{04A10081-C6A2-4E6B-8E8A-7941A2C5FC79}.Debug|x86.ActiveCfg = Debug|Win32
		{04A10081-C6A2-4E6B-8E8A-7941A2C5FC79}.Debug|x86.Build.0 = Debug|Win32
		{04A10081-C6A2-4E6B-8E8A-7941A2C5FC79}.Release|x64.ActiveCfg = Release|x64
		{04A10081-C6A2-4E6B-8E8A-7941A2C5FC79}.Release|x64.Build.0 = Release|x64
		{04A10081-C6A2-4E6B-8E8A-7941A2C5FC79}.Release|x86.ActiveCfg = Release|Win32
		{04A10081-C6A2-4E6B-8E8A-7941A2C5FC79}.Release|x86.Build.0 = Release|Win32
		{6EA50AFC-9F41-4DC5-85F4-6F2E61B739A0}.Debug|x64.ActiveCfg = Debug|x64
		{6EA50AFC-9F41-4DC5-85F4-6F2E61B739A0}.Debug|x64.Build.0 = Debug|x64
		{6EA50AFC-9F41-4DC5-85F4-6F2E61B739A0}.Debug|x86.ActiveCfg = Debug|Win32
		{6EA50AFC-9F41-4DC5-85F4-6F2E61B739A0}.Debug|x86.Build.0 = Debug|Win32
		{6EA50AFC-9F41-4DC5-85F4-6F2E61B739A0}.Release|x64.ActiveCfg = Release|x64
		{6EA50AFC-9F41-4DC5-85F4-6F2E61B739A0}.Release|x64.Build.0 = Release|x64
		{6EA50AFC-9F41-4DC5-85F4-6F2E61B739A0}.Release|x86.ActiveCfg = Release|Win32
		{6EA50AFC-9F41-4DC5-85F4-6F2E61B739A0}.Release|x86.Build.0 = Release|Win32
		{E50D00B3-CBB1-47FE-83F3-817F56FA34DB}.Debug|x64.ActiveCfg = Debug|x64
		{E50D00B3-CBB1-47FE-83F3-817F56FA34DB}.Debug|x64.Build.0 = Debug|x64
		{E50D00B3-CBB1-47FE-83F3-817F56FA34DB}.Debug|x86.ActiveCfg = Debug|Win32
		{E50D00B3-CBB1-47FE-83F3-817F56FA34DB}.Debug|x86.Build.0 = Debug|Win32
		{E50D00B3-CBB1-47FE-83F3-817F56FA34DB}.Release|x64.ActiveCfg = Release|x64
		{E50D00B3-CBB1-47FE-83F3-817F56FA34DB}.Release|x64.Build.0 = Release|x64
		{E50D00B3-CBB1-47FE-83F3-817F56FA34DB}.Release|x86.ActiveCfg = Release|Win32
		{E50D00B3-CBB1-47FE-83F3-817F56FA34DB}.Release|x86.Build.0 = Release|Win32
		{155F3ED2-A443-456D-BD44-003DBEC08C6D}.Debug|x64.ActiveCfg = Debug|x64
		{155F3ED2-A443-456D-BD44-003DBEC08C6D}.Debug|x64.Build.0 = Debug|x64
		{155F3ED2-A443-456D-BD44-003DBEC08C6D}.Debug|x86.ActiveCfg = Debug|Win32
		{155F3ED2-A443-456D-BD44-003DBEC08C6D}.Debug|x86.Build.0 = Debug|Win32
		{155F3ED2-A443-456D-BD44-003DBEC08C6D}.Release|x64.ActiveCfg = Release|x64
		{155F3ED2-A443-456D-BD44-003DBEC08C6D}.Release|x64.Build.0 = Release|x64
		{155F3ED2-A443-456D-BD44-003DBEC08C6D}.Release|x86.ActiveCfg = Release|Win32
		{155F3ED2-A443-456D-BD44-003DBEC08C6D}.Release|x86.Build.0 = Release|Win32
		{9A7DA7D5-A1EC-4C3E-BC49-9F9790FCDA5A}.Debug|x64.ActiveCfg = Debug|x64
		{9A7DA7D5-A1EC-4C3E-BC49-9F9790FCDA5A}.Debug|x64.Build.0 = Debug|x64
		{9A7DA7D5-A1EC-4C3E-BC49-9F9790FCDA5A}.Debug|x86.ActiveCfg = Debug|Win32
		{9A7DA7D5-A1EC-4C3E-BC49-9F9790FCDA5A}.Debug|x86.Build.0 = Debug|Win32
		{9A7DA7D5-A1EC-4C3E-BC49-9F9790FCDA5A}.Release|x64.ActiveCfg = Release|x64
		{9A7DA7D5-A1EC-4C3E-BC49-9F9790FCDA5A}.Release|x64.Build.0 = Release|x64
		{9A7DA7D5-A1EC-4C3E-BC49-9F9790FCDA5A}.Release|x86.ActiveCfg = Release|Win32
		{9A7DA7D5-A1EC-4C3E-BC49-9F9790FCDA5A}.Release|x86.Build.0 = Release|Win32
		{695FC2B5-935A-4E14-AF2E-4F391ECCB766}.Debug|x64.ActiveCfg = Debug|x64
		{695FC2B5-935A-4E14-AF2E-4F391ECCB766}.Debug|x64.Build.0 = Debug|x64
		{695FC2B5-935A-4E14-AF2E-4F391ECCB766}.Debug|x86.ActiveCfg = Debug|Win32
		{695FC2B5-935A-4E14-AF2E-4F391ECCB766}.Debug|x86.Build.0 = Debug|Win32
		{695FC2B5-935A-4E14-AF2E-4F391ECCB766}.Release|x64.ActiveCfg = Release|x64
		{695FC2B5-935A-4E14-AF2E-4F391ECCB766}.Release|x64.Build.0 = Release|x64
		{695FC2B5-935A-4E14-AF2E-4F391ECCB766}.Release|x86.ActiveCfg = Release|Win32
		{695FC2B5-935A-4E14-AF2E-4F391ECCB766}.Release|x86.Build.0 = Release|Win32
		{3150552B-FD59-4A02-8720-3061420FA050}.Debug|x64.ActiveCfg = Debug|x64
		{3150552B-FD59-4A02-8720-3061420FA050}.Debug|x64.Build.0 = Debug|x64
		{3150552B-FD59-4A02-8720-3061420FA050}.Debug|x86.ActiveCfg = Debug|Win32
		{3150552B-FD59-4A02-8720-3061420FA050}.Debug|x86.Build.0 = Debug|Win32
		{3150552B-FD59-4A02-8720-3061420FA050}.Release|x64.ActiveCfg = Release|x64
		{3150552B-FD59-4A02-8720-3061420FA050}.Release|x64.Build.0 = Release|x64
		{3150552B-FD59-4A02-8720-3061420FA050}.Release|x86.ActiveCfg = Release|Win32
		{3150552B-FD59-4A02-8720-3061420FA050}.Release|x86.Build.0 = Release|Win32
		{85D623C2-2165-44DA-B2D6-40B81CA65C8C}.Debug|x64.ActiveCfg = Debug|x64
		{85D623C2-2165-44DA-B2D6-40B81CA65C8C}.Debug|x64.Build.0 = Debug|x64
		{85D623C2-2165-44DA-B2D6-40B81CA65C8C}.Debug|x86.ActiveCfg = Debug|Win32
		{85D623C2-2165-44DA-B2D6-40B81CA65C8C}.Debug|x86.Build.0 = Debug|Win32
		{85D623C2-2165-44DA-B2D6-40B81CA65C8C}.Release|x64.ActiveCfg = Release|x64
		{85D623C2-2165-44DA-B2D6-40B81CA65C8C}.Release|x64.Build.0 = Release|x64
		{85D623C2-2165-44DA-B2D6-40B81CA65C8C}.Release|x86.ActiveCfg = Release|Win32
		{85D623C2-2165-44DA-B2D6-40B81CA65C8C}.Release|x86.Build.0 = Release|Win32
		{D8D74C59-42B1-468C-BF75-DF66A90C264E}.Debug|x64.ActiveCfg = Debug|x64
		{D8D74C59-42B1-468C-BF75-DF66A90C264E}.Debug|x64.Build.0 = Debug|x64
		{D8D74C59-42B1-468C-BF75-DF66A90C264E}.Debug|x86.ActiveCfg = Debug|Win32
		{D8D74C59-42B1-468C-BF75-DF66A90C264E}.Debug|x86.Build.0 = Debug|Win32
		{D8D74C59-42B1-468C-BF75-DF66A90C264E}.Release|x64.ActiveCfg = Release|x64
		{D8D74C59-42B1-468C-BF75-DF66A90C264E}.Release|x64.Build.0 = Release|x64
		{D8D74C59-42B1-468C-BF75-DF66A90C264E}.Release|x86.ActiveCfg = Release|Win32
		{D8D74C59-42B1-468C-BF75-DF66A90C264E}.Release|x86.Build.0 = Release|Win32
		{974BF799-3EF9-4251-943B-07FE155DACE1}.Debug|x64.ActiveCfg = Debug|x64
		{974BF799-3EF9-4251-943B-07FE155DACE1}.Debug|x64.Build.0 = Debug|x64
		{974BF799-3EF9-4251-943B-07FE155DACE1}.Debug|x86.ActiveCfg = Debug|Win32
		{974BF799-3EF9-4251-943B-07FE155DACE1}.Debug|x86.Build.0 = Debug|Win32
		{974BF799-3EF9-4251-943B-07FE155DACE1}.Release|x64.ActiveCfg = Release|x64
		{974BF799-3EF9-4251-943B-07FE155DACE1}.Release|x64.Build.0 = Release|x64
		{974BF799-3EF9-4251-943B-07FE155DACE1}.Release|x86.ActiveCfg = Release|Win32
		{974BF799-3EF9-4251-943B-07FE155DACE1}.Release|x86.Build.0 = Release|Win32
		{AA9BA94E-C7D0-4939-88DB-158F678BD819}.Debug|x64.ActiveCfg = Debug|x64
		{AA9BA94E-C7D0-4939-88DB-158F678BD819}.Debug|x64.Build.0 = Debug|x64
		{AA9BA94E-C7D0-4939-88DB-158F678BD819}.Debug|x86.ActiveCfg = Debug|Win32
		{AA9BA94E-C7D0-4939-88DB-158F678BD819}.Debug|x86.Build.0 = Debug|Win32
		{AA9BA94E-C7D0-4939-88DB-158F678BD819}.Release|x64.ActiveCfg = Release|x64
		{AA9BA94E-C7D0-4939-88DB-158F678BD819}.Release|x64.Build.0 = Release|x64
		{AA9BA94E-C7D0-4939-88DB-158F678BD819}.Release|x86.ActiveCfg = Release|Win32
		{AA9BA94E-C7D0-4939-88DB-158F678BD819}.Release|x86.Build.0 = Release|Win32
		{06F71094-E255-4AF2-851C-AF5F83F474D2}.Debug|x64.ActiveCfg = Debug|x64
		{06F71094-E255-4AF2-851C-AF5F83F474D2}.Debug|x64.Build.0 = Debug|x64
		{06F71094-E255-4AF2-851C-AF5F83F474D2}.Debug|x86.ActiveCfg = Debug|Win32
		{06F71094-E255-4AF2-851C-AF5F83F474D2}.Debug|x86.Build.0 = Debug|Win32
		{06F71094-E255-4AF2-851C-AF5F83F474D2}.Release|x64.ActiveCfg = Release|x64
		{06F71094-E255-4AF2-851C-AF5F83F474D2}.Release|x64.Build.0 = Release|x64
		{06F71094-E255-4AF2-851C-AF5F83F474D2}.Release|x86.ActiveCfg = Release|Win32
		{06F71094-E255-4AF2-851C-AF5F83F474D2}.Release|x86.Build.0 = Release|Win32
		{B5CEE5EC-E0FE-4E57-841C-EFBFC11D2C88}.Debug|x64.ActiveCfg = Debug|x64
		{B5CEE5EC-E0FE-4E57-841C-EFBFC11D2C88}.Debug|x64.Build.0 = Debug|x64
		{B5CEE5EC-E0FE-4E57-841C-EFBFC11D2C88}.Debug|x86.ActiveCfg = Debug|Win32
		{B5CEE5EC-E0FE-4E57-841C-EFBFC11D2C88}.Debug|x86.Build.0 = Debug|Win32
		{B5CEE5EC-E0FE-4E57-841C-EFBFC11D2C88}.Release|x64.ActiveCfg = Release|x64
		{B5CEE5EC-E0FE-4E57-841C-EFBFC11D2C88}.Release|x64.Build.0 = Release|x64
		{B5CEE5EC-E0FE-4E57-841C-EFBFC11D2C88}.Release|x86.ActiveCfg = Release|Win32
		{B5CEE5EC-E0FE-4E57-841C-EFBFC11D2C88}.Release|x86.Build.0 = Release|Win32
		{ACF9DD13-9541-46CB-B195-9A7B6DE25206}.Debug|x64.ActiveCfg = Debug|x64
		{ACF9DD13-9541-46CB-B195-9A7B6DE25206}.Debug|x64.Build.0 = Debug|x64
		{ACF9DD13-9541-46CB-B195-9A7B6DE25206}.Debug|x86.ActiveCfg = Debug|Win32
		{ACF9DD13-9541-46CB-B195-9A7B6DE25206}.Debug|x86.Build.0 = Debug|Win32
		{ACF9DD13-9541-46CB-B195-9A7B6DE25206}.Release|x64.ActiveCfg = Release|x64
		{ACF9DD13-9541-46CB-B195-9A7B6DE25206}.Release|x64.Build.0 = Release|x64
		{ACF9DD13-9541-46CB-B195-9A7B6DE25206}.Release|x86.ActiveCfg = Release|Win32
		{ACF9DD13-9541-46CB-B195-9A7B6DE25206}.Release|x86.Build.0 = Release|Win32
		{489811CF-7CDA-415E-B360-74EA67F17777}.Debug|x64.ActiveCfg = Debug|x64
		{489811CF-7CDA-415E-B360-74EA67F17777}.Debug|x64.Build.0 = Debug|x64
		{489811CF-7CDA-415E-B360-74EA67F17777}.Debug|x86.ActiveCfg = Debug|Win32
		{489811CF-7CDA-415E-B360-74EA67F17777}.Debug|x86.Build.0 = Debug|Win32
		{489811CF-7CDA-415E-B360-74EA67F17777}.Release|x64.ActiveCfg = Release|x64
		{489811CF-7CDA-415E-B360-74EA67F17777}.Release|x64.Build.0 = Release|x64
		{489811CF-7CDA-415E-B360-74EA67F17777}.Release|x86.ActiveCfg = Release|Win32
		{489811CF-7CDA-415E-B360-74EA67F17777}.Release|x86.Build.0 = Release|Win32
		{86E76E93-6D1F-42C2-9C83-7091FCEF56B3}.Debug|x64.ActiveCfg = Debug|x64
		{86E76E93-6D1F-42C2-9C83-7091FCEF56B3}.Debug|x64.Build.0 = Debug|x64
		{86E76E93-6D1F-42C2-9C83-7091FCEF56B3}.Debug|x86.ActiveCfg = Debug|Win32
		{86E76E93-6D1F-42C2-9C83-7091FCEF56B3}.Debug|x86.Build.0 = Debug|Win32
		{86E76E93-6D1F-42C2-9C83-7091FCEF56B3}.Release|x64.ActiveCfg = Release|x64
		{86E76E93-6D1F-42C2-9C83-7091FCEF56B3}.Release|x64.Build.0 = Release|x64
		{86E76E93-6D1F-42C2-9C83-7091FCEF56B3}.Release|x86.ActiveCfg = Release|Win32
		{86E76E93-6D1F-42C2-9C83-7091FCEF56B3}.Release|x86.Build.0 = Release|Win32
		{1C012171-7827-4DC6-9950-AC3E0CF6A0B9}.Debug|x64.ActiveCfg = Debug|x64
		{1C012171-7827-4DC6-9950-AC3E0CF6A0B9}.Debug|x64.Build.0 = Debug|x64
		{1C012171-7827-4DC6-9950-AC3E0CF6A0B9}.Debug|x86.ActiveCfg = Debug|Win32
		{1C012171-7827-4DC6-9950-AC3E0CF6A0B9}.Debug|x86.Build.0 = Debug|Win32
		{1C012171-7827-4DC6-9950-AC3E0CF6A0B9}.Release|x64.ActiveCfg = Release|x64
		{1C012171-7827-4DC6-9950-AC3E0CF6A0B9}.Release|x64.Build.0 = Release|x64
		{1C012171-7827-4DC6-9950-AC3E0CF6A0B9}.Release|x86.ActiveCfg = Release|Win32
		{1C012171-7827-4DC6-9950-AC3E0CF6A0B9}.Release|x86.Build.0 = Release|Win32
		{317FFB12-185A-4AE6-A0E0-41A42A77BECA}.Debug|x64.ActiveCfg = Debug|x64
		{317FFB12-185A-4AE6-A0E0-41A42A77BECA}.Debug|x64.Build.0 = Debug|x64
		{317FFB12-185A-4AE6-A0E0-41A42A77BECA}.Debug|x86.ActiveCfg = Debug|Win32
		{317FFB12-185A-4AE6-A0E0-41A42A77BECA}.Debug|x86.Build.0 = Debug|Win32
		{317FFB12-185A-4AE6-A0E0-41A42A77BECA}.Release|x64.ActiveCfg = Release|x64
		{317FFB12-185A-4AE6-A0E0-41A42A77BECA}.Release|x64.Build.0 = Release|x64
		{317FFB12-185A-4AE6-A0E0-41A42A77BECA}.Release|x86.ActiveCfg = Release|Win32
		{317FFB12-185A-4AE6-A0E0-41A42A77BECA}.Release|x86.Build.0 = Release|Win32
		{6BB8A5B1-6ED9-47E3-8996-A3E46D1C562D}.Debug|x64.ActiveCfg = Debug|x64
		{6BB8A5B1-6ED9-47E3-8996-A3E46D1C562D}.Debug|x64.Build.0 = Debug|x64
		{6BB8A5B1-6ED9-47E3-8996-A3E46D1C562D}.Debug|x86.ActiveCfg = Debug|Win32
		{6BB8A5B1-6ED9-47E3-8996-A3E46D1C562D}.Debug|x86.Build.0 = Debug|Win32
		{6BB8A5B1-6ED9-47E3-8996-A3E46D1C562D}.Release|x64.ActiveCfg = Release|x64
		{6BB8A5B1-6ED9-47E3-8996-A3E46D1C562D}.Release|x64.Build.0 = Release|x64
		{6BB8A5B1-6ED9-47E3-8996-A3E46D1C562D}.Release|x86.ActiveCfg = Release|Win32
		{6BB8A5B1-6ED9-47E3-8996-A3E46D1C562D}.Release|x86.Build.0 = Release|Win32
		{62478FAC-0F54-4E31-ACD5-EDC15AEA8877}.Debug|x64.ActiveCfg = Debug|x64
		{62478FAC-0F54-4E31-ACD5-EDC15AEA8877}.Debug|x64.Build.0 = Debug|x64
		{62478FAC-0F54-4E31-ACD5-EDC15AEA8877}.Debug|x86.ActiveCfg = Debug|Win32
		{62478FAC-0F54-4E31-ACD5-EDC15AEA8877}.Debug|x86.Build.0 = Debug|Win32
		{62478FAC-0F54-4E31-ACD5-EDC15AEA8877}.Release|x64.ActiveCfg = Release|x64
		{62478FAC-0F54-4E31-ACD5-EDC15AEA8877}.Release|x64.Build.0 = Release|x64
		{62478FAC-0F54-4E31-ACD5-EDC15AEA8877}.Release|x86.ActiveCfg = Release|Win32
		{62478FAC-0F54-4E31-ACD5-EDC15AEA8877}.Release|x86.Build.0 = Release|Win32
		{E0F949CF-81B7-46F1-B2F4-D31BC9DAD717}.Debug|x64.ActiveCfg = Debug|x64
		{E0F949CF-81B7-46F1-B2F4-D31BC9DAD717}.Debug|x64.Build.0 = Debug|x64
		{E0F949CF-81B7-46F1-B2F4-D31BC9DAD717}.Debug|x86.ActiveCfg = Debug|Win32
		{E0F949CF-81B7-46F1-B2F4-D31BC9DAD717}.Debug|x86.Build.0 = Debug|Win32
		{E0F949CF-81B7-46F1-B2F4-D31BC9DAD717}.Release|x64.ActiveCfg = Release|x64
		{E0F949CF-81B7-46F1-B2F4-D31BC9DAD717}.Release|x64.Build.0 = Release|x64
		{E0F949CF-81B7-46F1-B2F4-D31BC9DAD717}.Release|x86.ActiveCfg = Release|Win32
		{E0F949CF-81B7-46F1-B2F4-D31BC9DAD717}.Release|x86.Build.0 = Release|Win32
		{8FAA4B54-5517-43D0-B431-56A9217E5508}.Debug|x64.ActiveCfg = Debug|x64
		{8FAA4B54-5517-43D0-B431-56A9217E5508}.Debug|x64.Build.0 = Debug|x64
		{8FAA4B54-5517-43D0-B431-56A9217E5508}.Debug|x86.ActiveCfg = Debug|Win32
		{8FAA4B54-5517-43D0-B431-56A9217E5508}.Debug|x86.Build.0 = Debug|Win32
		{8FAA4B54-5517-43D0-B431-56A9217E5508}.Release|x64.ActiveCfg = Release|x64
		{8FAA4B54-5517-43D0-B431-56A9217E5508}.Release|x64.Build.0 = Release|x64
		{8FAA4B54-5517-43D0-B431-56A9217E5508}.Release|x86.ActiveCfg = Release|Win32
		{8FAA4B54-5517-43D0-B431-56A9217E5508}.Release|x86.Build.0 = Release|Win32
		{E3E0F60E-8BBF-4104-86FC-B752F4EC87EA}.Debug|x64.ActiveCfg = Debug|x64
		{E3E0F60E-8BBF-4104-86FC-B752F4EC87EA}.Debug|x64.Build.0 = Debug|x64
		{E3E0F60E-8BBF-4104-86FC-B752F4EC87EA}.Debug|x86.ActiveCfg = Debug|Win32
		{E3E0F60E-8BBF-4104-86FC-B752F4EC87EA}.Debug|x86.Build.0 = Debug|Win32
		{E3E0F60E-8BBF-4104-86FC-B752F4EC87EA}.Release|x64.ActiveCfg = Release|x64
		{E3E0F60E-8BBF-4104-86FC-B752F4EC87EA}.Release|x64.Build.0 = Release|x64
		{E3E0F60E-8BBF-4104-86FC-B752F4EC87EA}.Release|x86.ActiveCfg = Release|Win32
		{E3E0F60E-8BBF-4104-86FC-B752F4EC87EA}.Release|x86.Build.0 = Release|Win32
		{839F7DFE-3500-40D0-ACD4-45439A5F03DD}.Debug|x64.ActiveCfg = Debug|x64
		{839F7DFE-3500-40D0-ACD4-45439A5F03DD}.Debug|x64.Build.0 = Debug|x64
		{839F7DFE-3500-40D0-ACD4-45439A5F03DD}.Debug|x86.ActiveCfg = Debug|Win32
		{839F7DFE-3500-40D0-ACD4-45439A5F03DD}.Debug|x86.Build.0 = Debug|Win32
		{839F7DFE-3500-40D0-ACD4-45439A5F03DD}.Release|x64.ActiveCfg = Release|x64
		{839F7DFE-3500-40D0-ACD4-45439A5F03DD}.Release|x64.Build.0 = Release|x64
		{839F7DFE-3500-40D0-ACD4-45439A5F03DD}.Release|x86.ActiveCfg = Release|Win32
		{839F7DFE-3500-40D0-ACD4-45439A5F03DD}.Release|x86.Build.0 = Release|Win32
		{60575C49-E728-45BB-89CE-5FF40AC7BD4C}.Debug|x64.ActiveCfg = Debug|x64
		{60575C49-E728-45BB-89CE-5FF40AC7BD4C}.Debug|x64.Build.0 = Debug|x64
		{60575C49-E728-45BB-89CE-5FF40AC7BD4C}.Debug|x86.ActiveCfg = Debug|Win32
		{60575C49-E728-45BB-89CE-5FF40AC7BD4C}.Debug|x86.Build.0 = Debug|Win32
		{60575C49-E728-45BB-89CE-5FF40AC7BD4C}.Release|x64.ActiveCfg = Release|x64
		{60575C49-E728-45BB-89CE-5FF40AC7BD4C}.Release|x64.Build.0 = Release|x64
		{60575C49-E728-45BB-89CE-5FF40AC7BD4C}.Release|x86.ActiveCfg = Release|Win32
		{60575C49-E728-45BB-89CE-5FF40AC7BD4C}.Release|x86.Build.0 = Release|Win32
		{3FFB1B14-C210-46A3-8AC7-587663424654}.Debug|x64.ActiveCfg = Debug|x64
		{3FFB1B14-C210-46A3-8AC7-587663424654}.Debug|x64.Build.0 = Debug|x64
		{3FFB1B14-C210-46A3-8AC7-587663424654}.Debug|x86.ActiveCfg = Debug|Win32
		{3FFB1B14-C210-46A3-8AC7-587663424654}.Debug|x86.Build.0 = Debug|Win32
		{3FFB1B14-C210-46A3-8AC7-587663424654}.Release|x64.ActiveCfg = Release|x64
		{3FFB1B14-C210-46A3-8AC7-587663424654}.Release|x64.Build.0 = Release|x64
		{3FFB1B14-C210-46A3-8AC7-587663424654}.Release|x86.ActiveCfg = Release|Win32
		{3FFB1B14-C210-46A3-8AC7-587663424654}.Release|x86.Build.0 = Release|Win32
		{6A391792-C7E0-4633-A8E2-9D7E0808A469}.Debug|x64.ActiveCfg = Debug|x64
		{6A391792-C7E0-4633-A8E2-9D7E0808A469}.Debug|x64.Build.0 = Debug|x64
		{6A391792-C7E0-4633-A8E2-9D7E0808A469}.Debug|x86.ActiveCfg = Debug|Win32
		{6A391792-C7E0-4633-A8E2-9D7E0808A469}.Debug|x86.Build.0 = Debug|Win32
		{6A391792-C7E0-4633-A8E2-9D7E0808A469}.Release|x64.ActiveCfg = Release|x64
		{6A391792-C7E0-4633-A8E2-9D7E0808A469}.Release|x64.Build.0 = Release|x64
		{6A391792-C7E0-4633-A8E2-9D7E0808A469}.Release|x86.ActiveCfg = Release|Win32
		{6A391792-C7E0-4633-A8E2-9D7E0808A469}.Release|x86.Build.0 = Release|Win32
		{5ED083EB-A31C-4625-92DE-69B0A189B6BA}.Debug|x64.ActiveCfg = Debug|x64
		{5ED083EB-A31C-4625-92DE-69B0A189B6BA}.Debug|x64.Build.0 = Debug|x64
		{5ED083EB-A31C-4625-92DE-69B0A189B6BA}.Debug|x86.ActiveCfg = Debug|Win32
		{5ED083EB-A31C-4625-92DE-69B0A189B6BA}.Debug|x86.Build.0 = Debug|Win32
		{5ED083EB-A31C-4625-92DE-69B0A189B6BA}.Release|x64.ActiveCfg = Release|x64
		{5ED083EB-A31C-4625-92DE-69B0A189B6BA}.Release|x64.Build.0 = Release|x64
		{5ED083EB-A31C-4625-92DE-69B0A189B6BA}.Release|x86.ActiveCfg = Release|Win32
		{5ED083EB-A31C-4625-92DE-69B0A189B6BA}.Release|x86.Build.0 = Release|Win32
		{A8752C9E-389F-4BFE-9691-A9A0B5FC99F6}.Debug|x64.ActiveCfg = Debug|x64
		{A8752C9E-389F-4BFE-9691-A9A0B5FC99F6}.Debug|x64.Build.0 = Debug|x64
		{A8752C9E-389F-4BFE-9691-A9A0B5FC99F6}.Debug|x86.ActiveCfg = Debug|Win32
		{A8752C9E-389F-4BFE-9691-A9A0B5FC99F6}.Debug|x86.Build.0 = Debug|Win32
		{A8752C9E-389F-4BFE-9691-A9A0B5FC99F6}.Release|x64.ActiveCfg = Release|x64
		{A8752C9E-389F-4BFE-9691-A9A0B5FC99F6}.Release|x64.Build.0 = Release|x64
		{A8752C9E-389F-4BFE-9691-A9A0B5FC99F6}.Release|x86.ActiveCfg = Release|Win32
		{A8752C9E-389F-4BFE-9691-A9A0B5FC99F6}.Release|x86.Build.0 = Release|Win32
		{E08090A7-2832-4550-A036-68AF4F4F3EF2}.Debug|x64.ActiveCfg = Debug|x64
		{E08090A7-2832-4550-A036-68AF4F4F3EF2}.Debug|x64.Build.0 = Debug|x64
		{E08090A7-2832-4550-A036-68AF4F4F3EF2}.Debug|x86.ActiveCfg = Debug|Win32
		{E08090A7-2832-4550-A036-68AF4F4F3EF2}.Debug|x86.Build.0 = Debug|Win32
		{E08090A7-2832-4550-A036-68AF4F4F3EF2}.Release|x64.ActiveCfg = Release|x64
		{E08090A7-2832-4550-A036-68AF4F4F3EF2}.Release|x64.Build.0 = Release|x64
		{E08090A7-2832-4550-A036-68AF4F4F3EF2}.Release|x86.ActiveCfg = Release|Win32
		{E08090A7-2832-4550-A036-68AF4F4F3EF2}.Release|x86.Build.0 = Release|Win32
		{6CC5BE31-8D91-4D49-8626-EFE0B6CDBDC8}.Debug|x64.ActiveCfg = Debug|x64
		{6CC5BE31-8D91-4D49-8626-EFE0B6CDBDC8}.Debug|x64.Build.0 = Debug|x64
		{6CC5BE31-8D91-4D49-8626-EFE0B6CDBDC8}.Debug|x86.ActiveCfg = Debug|Win32
		{6CC5BE31-8D91-4D49-8626-EFE0B6CDBDC8}.Debug|x86.Build.0 = Debug|Win32
		{6CC5BE31-8D91-4D49-8626-EFE0B6CDBDC8}.Release|x64.ActiveCfg = Release|x64
		{6CC5BE31-8D91-4D49-8626-EFE0B6CDBDC8}.Release|x64.Build.0 = Release|x64
		{6CC5BE31-8D91-4D49-8626-EFE0B6CDBDC8}.Release|x86.ActiveCfg = Release|Win32
		{6CC5BE31-8D91-4D49-8626-EFE0B6CDBDC8}.Release|x86.Build.0 = Release|Win32
		{7CB27C16-E87F-4A56-A331-975F0C8F3896}.Debug|x64.ActiveCfg = Debug|x64
		{7CB27C16-E87F-4A56-A331-975F0C8F3896}.Debug|x64.Build.0 = Debug|x64
		{7CB27C16-E87F-4A56-A331-975F0C8F3896}.Debug|x86.ActiveCfg = Debug|Win32
		{7CB27C16-E87F-4A56-A331-975F0C8F3896}.Debug|x86.Build.0 = Debug|Win32
		{7CB27C16-E87F-4A56-A331-975F0C8F3896}.Release|x64.ActiveCfg = Release|x64
		{7CB27C16-E87F-4A56-A331-975F0C8F3896}.Release|x64.Build.0 = Release|x64
		{7CB27C16-E87F-4A56-A331-975F0C8F3896}.Release|x86.ActiveCfg = Release|Win32
		{7CB27C16-E87F-4A56-A331-975F0C8F3896}.Release|x86.Build.0 = Release|Win32
		{7A59FC53-F5AC-4940-924E-44F81F0CA11D}.Debug|x64.ActiveCfg = Debug|x64
		{7A59FC53-F5AC-4940-924E-44F81F0CA11D}.Debug|x64.Build.0 = Debug|x64
		{7A59FC53-F5AC-4940-924E-44F81F0CA11D}.Debug|x86.ActiveCfg = Debug|Win32
		{7A59FC53-F5AC-4940-924E-44F81F0CA11D}.Debug|x86.Build.0 = Debug|Win32
		{7A59FC53-F5AC-4940-924E-44F81F0CA11D}.Release|x64.ActiveCfg = Release|x64
		{7A59FC53-F5AC-4940-924E-44F81F0CA11D}.Release|x64.Build.0 = Release|x64
		{7A59FC53-F5AC-4940-924E-44F81F0CA11D}.Release|x86.ActiveCfg = Release|Win32
		{7A59FC53-F5AC-4940-924E-44F81F0CA11D}.Release|x86.Build.0 = Release|Win32
		{26325C4F-89DE-4C61-B551-E6EF608E9B24}.Debug|x64.ActiveCfg = Debug|x64
		{26325C4F-89DE-4C61-B551-E6EF608E9B24}.Debug|x64.Build.0 = Debug|x64
		{26325C4F-89DE-4C61-B551-E6EF608E9B24}.Debug|x86.ActiveCfg = Debug|Win32
		{26325C4F-89DE-4C61-B551-E6EF608E9B24}.Debug|x86.Build.0 = Debug|Win32
		{26325C4F-89DE-4C61-B551-E6EF608E9B24}.Release|x64.ActiveCfg = Release|x64
		{26325C4F-89DE-4C61-B551-E6EF608E9B24}.Release|x64.Build.0 = Release|x64
		{26325C4F-89DE-4C61-B551-E6EF608E9B24}.Release|x86.ActiveCfg = Release|Win32
		{26325C4F-89DE-4C61-B551-E6EF608E9B24}.Release|x86.Build.0 = Release|Win32
		{E5A9DF89-F4CD-4163-8A8E-6F8DC5871469}.Debug|x64.ActiveCfg = Debug|x64
		{E5A9DF89-F4CD-4163-8A8E-6F8DC5871469}.Debug|x64.Build.0 = Debug|x64
		{E5A9DF89-F4CD-4163-8A8E-6F8DC5871469}.Debug|x86.ActiveCfg = Debug|Win32
		{E5A9DF89-F4CD-4163-8A8E-6F8DC5871469}.Debug|x86.Build.0 = Debug|Win32
		{E5A9DF89-F4CD-4163-8A8E-6F8DC5871469}.Release|x64.ActiveCfg = Release|x64
		{E5A9DF89-F4CD-4163-8A8E-6F8DC5871469}.Release|x64.Build.0 = Release|x64
		{E5A9DF89-F4CD-4163-8A8E-6F8DC5871469}.Release|x86.ActiveCfg = Release|Win32
		{E5A9DF89-F4CD-4163-8A8E-6F8DC5871469}.Release|x86.Build.0 = Release|Win32
		{68AAEF6B-622C-4894-8AC5-905C0D4A4C3F}.Debug|x64.ActiveCfg = Debug|x64
		{68AAEF6B-622C-4894-8AC5-905C0D4A4C3F}.Debug|x64.Build.0 = Debug|x64
		{68AAEF6B-622C-4894-8AC5-905C0D4A4C3F}.Debug|x86.ActiveCfg = Debug|Win32
		{68AAEF6B-622C-4894-8AC5-905C0D4A4C3F}.Debug|x86.Build.0 = Debug|Win32
		{68AAEF6B-622C-4894-8AC5-905C0D4A4C3F}.Release|x64.ActiveCfg = Release|x64
		{68AAEF6B-622C-4894-8AC5-905C0D4A4C3F}.Release|x64.Build.0 = Release|x64
		{68AAEF6B-622C-4894-8AC5-905C0D4A4C3F}.Release|x86.ActiveCfg = Release|Win32
		{68AAEF6B-622C-4894-8AC5-905C0D4A4C3F}.Release|x86.Build.0 = Release|Win32
		{BE912E18-4406-4F9B-876F-31912BD2BFEA}.Debug|x64.ActiveCfg = Debug|x64
		{BE912E18-4406-4F9B-876F-31912BD2BFEA}.Debug|x64.Build.0 = Debug|x64
		{BE912E18-4406-4F9B-876F-31912BD2BFEA}.Debug|x86.ActiveCfg = Debug|Win32
		{BE912E18-4406-4F9B-876F-31912BD2BFEA}.Debug|x86.Build.0 = Debug|Win32
		{BE912E18-4406-4F9B-876F-31912BD2BFEA}.Release|x64.ActiveCfg = Release|x64
		{BE912E18-4406-4F9B-876F-31912BD2BFEA}.Release|x64.Build.0 = Release|x64
		{BE912E18-4406-4F9B-876F-31912BD2BFEA}.Release|x86.ActiveCfg = Release|Win32
		{BE912E18-4406-4F9B-876F-31912BD2BFEA}.Release|x86.Build.0 = Release|Win32
		{55CB9674-83A7-4441-AA6D-F5D89539EBCE}.Debug|x64.ActiveCfg = Debug|x64
		{55CB9674-83A7-4441-AA6D-F5D89539EBCE}.Debug|x64.Build.0 = Debug|x64
		{55CB9674-83A7-4441-AA6D-F5D89539EBCE}.Debug|x86.ActiveCfg = Debug|Win32
		{55CB9674-83A7-4441-AA6D-F5D89539EBCE}.Debug|x86.Build.0 = Debug|Win32
		{55CB9674-83A7-4441-AA6D-F5D89539EBCE}.Release|x64.ActiveCfg = Release|x64
		{55CB9674-83A7-4441-AA6D-F5D89539EBCE}.Release|x64.Build.0 = Release|x64
		{55CB9674-83A7-4441-AA6D-F5D89539EBCE}.Release|x86.ActiveCfg = Release|Win32
		{55CB9674-83A7-4441-AA6D-F5D89539EBCE}.Release|x86.Build.0 = Release|Win32
		{4CB258AB-4B18-4938-B846-FDB1724BD430}.Debug|x64.ActiveCfg = Debug|x64
		{4CB258AB-4B18-4938-B846-FDB1724BD430}.Debug|x64.Build.0 = Debug|x64
		{4CB258AB-4B18-4938-B846-FDB1724BD430}.Debug|x86.ActiveCfg = Debug|Win32
		{4CB258AB-4B18-4938-B846-FDB1724BD430}.Debug|x86.Build.0 = Debug|Win32
		{4CB258AB-4B18-4938-B846-FDB1724BD430}.Release|x64.ActiveCfg = Release|x64
		{4CB258AB-4B18-4938-B846-FDB1724BD430}.Release|x64.Build.0 = Release|x64
		{4CB258AB-4B18-4938-B846-FDB1724BD430}.Release|x86.ActiveCfg = Release|Win32
		{4CB258AB-4B18-4938-B846-FDB1724BD430}.Release|x86.Build.0 = Release|Win32
		{461ED8A9-CA4B-46BE-B592-636C3877220A}.Debug|x64.ActiveCfg = Debug|x64
		{461ED8A9-CA4B-46BE-B592-636C3877220A}.Debug|x64.Build.0 = Debug|x64
		{461ED8A9-CA4B-46BE-B592-636C3877220A}.Debug|x86.ActiveCfg = Debug|Win32
		{461ED8A9-CA4B-46BE-B592-636C3877220A}.Debug|x86.Build.0 = Debug|Win32
		{461ED8A9-CA4B-46BE-B592-636C3877220A}.Release|x64.ActiveCfg = Release|x64
		{461ED8A9-CA4B-46BE-B592-636C3877220A}.Release|x64.Build.0 = Release|x64
		{461ED8A9-CA4B-46BE-B592-636C3877220A}.Release|x86.ActiveCfg = Release|Win32
		{461ED8A9-CA4B-46BE-B592-636C3877220A}.Release|x86.Build.0 = Release|Win32
	EndGlobalSection
	GlobalSection(SolutionProperties) = preSolution
		HideSolutionNode = FALSE
	EndGlobalSection
	GlobalSection(ExtensibilityGlobals) = postSolution
		SolutionGuid = {95983A41-A866-4199-A571-005521BD128A}
	EndGlobalSection
EndGlobal
