
Microsoft Visual Studio Solution File, Format Version 12.00
# Visual Studio 15
VisualStudioVersion = 15.0.28010.2016
MinimumVisualStudioVersion = 10.0.40219.1
Project("{8BC9CEB8-8B4A-11D0-8D11-00A0C91BC942}") = "helloty", "helloty\helloty.vcxproj", "{3AE2C428-A15C-460B-BD75-07C20C4219EC}"
EndProject
Project("{8BC9CEB8-8B4A-11D0-8D11-00A0C91BC942}") = "HelloOps", "HelloOps\HelloOps.vcxproj", "{EFA9A3AB-D479-4E6C-B10C-9A723F607B89}"
EndProject
Project("{8BC9CEB8-8B4A-11D0-8D11-00A0C91BC942}") = "Hellopointer", "Hellopointer\Hellopointer.vcxproj", "{7293ED3A-5C5D-4B5D-AFA7-15675410F0AE}"
EndProject
Global
	GlobalSection(SolutionConfigurationPlatforms) = preSolution
		Debug|x64 = Debug|x64
		Debug|x86 = Debug|x86
		Release|x64 = Release|x64
		Release|x86 = Release|x86
	EndGlobalSection
	GlobalSection(ProjectConfigurationPlatforms) = postSolution
		{3AE2C428-A15C-460B-BD75-07C20C4219EC}.Debug|x64.ActiveCfg = Debug|x64
		{3AE2C428-A15C-460B-BD75-07C20C4219EC}.Debug|x64.Build.0 = Debug|x64
		{3AE2C428-A15C-460B-BD75-07C20C4219EC}.Debug|x86.ActiveCfg = Debug|Win32
		{3AE2C428-A15C-460B-BD75-07C20C4219EC}.Debug|x86.Build.0 = Debug|Win32
		{3AE2C428-A15C-460B-BD75-07C20C4219EC}.Release|x64.ActiveCfg = Release|x64
		{3AE2C428-A15C-460B-BD75-07C20C4219EC}.Release|x64.Build.0 = Release|x64
		{3AE2C428-A15C-460B-BD75-07C20C4219EC}.Release|x86.ActiveCfg = Release|Win32
		{3AE2C428-A15C-460B-BD75-07C20C4219EC}.Release|x86.Build.0 = Release|Win32
		{EFA9A3AB-D479-4E6C-B10C-9A723F607B89}.Debug|x64.ActiveCfg = Debug|x64
		{EFA9A3AB-D479-4E6C-B10C-9A723F607B89}.Debug|x64.Build.0 = Debug|x64
		{EFA9A3AB-D479-4E6C-B10C-9A723F607B89}.Debug|x86.ActiveCfg = Debug|Win32
		{EFA9A3AB-D479-4E6C-B10C-9A723F607B89}.Debug|x86.Build.0 = Debug|Win32
		{EFA9A3AB-D479-4E6C-B10C-9A723F607B89}.Release|x64.ActiveCfg = Release|x64
		{EFA9A3AB-D479-4E6C-B10C-9A723F607B89}.Release|x64.Build.0 = Release|x64
		{EFA9A3AB-D479-4E6C-B10C-9A723F607B89}.Release|x86.ActiveCfg = Release|Win32
		{EFA9A3AB-D479-4E6C-B10C-9A723F607B89}.Release|x86.Build.0 = Release|Win32
		{7293ED3A-5C5D-4B5D-AFA7-15675410F0AE}.Debug|x64.ActiveCfg = Debug|x64
		{7293ED3A-5C5D-4B5D-AFA7-15675410F0AE}.Debug|x64.Build.0 = Debug|x64
		{7293ED3A-5C5D-4B5D-AFA7-15675410F0AE}.Debug|x86.ActiveCfg = Debug|Win32
		{7293ED3A-5C5D-4B5D-AFA7-15675410F0AE}.Debug|x86.Build.0 = Debug|Win32
		{7293ED3A-5C5D-4B5D-AFA7-15675410F0AE}.Release|x64.ActiveCfg = Release|x64
		{7293ED3A-5C5D-4B5D-AFA7-15675410F0AE}.Release|x64.Build.0 = Release|x64
		{7293ED3A-5C5D-4B5D-AFA7-15675410F0AE}.Release|x86.ActiveCfg = Release|Win32
		{7293ED3A-5C5D-4B5D-AFA7-15675410F0AE}.Release|x86.Build.0 = Release|Win32
	EndGlobalSection
	GlobalSection(SolutionProperties) = preSolution
		HideSolutionNode = FALSE
	EndGlobalSection
	GlobalSection(ExtensibilityGlobals) = postSolution
		SolutionGuid = {61113A21-4F66-46F4-9099-06AAB00B3B73}
	EndGlobalSection
EndGlobal
